
Microsoft Visual Studio Solution File, Format Version 12.00
# Visual Studio 14
VisualStudioVersion = 14.0.25123.0
MinimumVisualStudioVersion = 10.0.40219.1
Project("{8BC9CEB8-8B4A-11D0-8D11-00A0C91BC942}") = "V3DEngine", "..\..\project\win\V3DEngine.vcxproj", "{CCDE2BAB-9D2F-389A-A6BA-A4283F68E000}"
EndProject
Project("{8BC9CEB8-8B4A-11D0-8D11-00A0C91BC942}") = "tinyxml2", "..\..\project\win\libs\tinyxml2\tinyxml2.vcxproj", "{663CFE83-929A-3CDF-9C17-DD3AF3D4F3BB}"
EndProject
Project("{8BC9CEB8-8B4A-11D0-8D11-00A0C91BC942}") = "MaxExporterF3D", "MaxExporterF3D.vcxproj", "{0A852E24-4C6E-4546-87BE-CBF8D950AED7}"
EndProject
Global
	GlobalSection(SolutionConfigurationPlatforms) = preSolution
		Debug|Mixed Platforms = Debug|Mixed Platforms
		Debug|Win32 = Debug|Win32
		Debug|x64 = Debug|x64
		Hybrid|Mixed Platforms = Hybrid|Mixed Platforms
		Hybrid|Win32 = Hybrid|Win32
		Hybrid|x64 = Hybrid|x64
		Release|Mixed Platforms = Release|Mixed Platforms
		Release|Win32 = Release|Win32
		Release|x64 = Release|x64
	EndGlobalSection
	GlobalSection(ProjectConfigurationPlatforms) = postSolution
		{CCDE2BAB-9D2F-389A-A6BA-A4283F68E000}.Debug|Mixed Platforms.ActiveCfg = Debug|x64
		{CCDE2BAB-9D2F-389A-A6BA-A4283F68E000}.Debug|Mixed Platforms.Build.0 = Debug|x64
		{CCDE2BAB-9D2F-389A-A6BA-A4283F68E000}.Debug|Win32.ActiveCfg = Debug|x64
		{CCDE2BAB-9D2F-389A-A6BA-A4283F68E000}.Debug|x64.ActiveCfg = F3DDebug|x64
		{CCDE2BAB-9D2F-389A-A6BA-A4283F68E000}.Debug|x64.Build.0 = F3DDebug|x64
		{CCDE2BAB-9D2F-389A-A6BA-A4283F68E000}.Hybrid|Mixed Platforms.ActiveCfg = F3DRelease|x64
		{CCDE2BAB-9D2F-389A-A6BA-A4283F68E000}.Hybrid|Mixed Platforms.Build.0 = F3DRelease|x64
		{CCDE2BAB-9D2F-389A-A6BA-A4283F68E000}.Hybrid|Win32.ActiveCfg = F3DRelease|x64
		{CCDE2BAB-9D2F-389A-A6BA-A4283F68E000}.Hybrid|Win32.Build.0 = F3DRelease|x64
		{CCDE2BAB-9D2F-389A-A6BA-A4283F68E000}.Hybrid|x64.ActiveCfg = F3DRelease|x64
		{CCDE2BAB-9D2F-389A-A6BA-A4283F68E000}.Hybrid|x64.Build.0 = F3DRelease|x64
		{CCDE2BAB-9D2F-389A-A6BA-A4283F68E000}.Release|Mixed Platforms.ActiveCfg = Release|x64
		{CCDE2BAB-9D2F-389A-A6BA-A4283F68E000}.Release|Mixed Platforms.Build.0 = Release|x64
		{CCDE2BAB-9D2F-389A-A6BA-A4283F68E000}.Release|Win32.ActiveCfg = Release|x64
		{CCDE2BAB-9D2F-389A-A6BA-A4283F68E000}.Release|x64.ActiveCfg = F3DRelease|x64
		{CCDE2BAB-9D2F-389A-A6BA-A4283F68E000}.Release|x64.Build.0 = F3DRelease|x64
		{663CFE83-929A-3CDF-9C17-DD3AF3D4F3BB}.Debug|Mixed Platforms.ActiveCfg = Debug|x64
		{663CFE83-929A-3CDF-9C17-DD3AF3D4F3BB}.Debug|Mixed Platforms.Build.0 = Debug|x64
		{663CFE83-929A-3CDF-9C17-DD3AF3D4F3BB}.Debug|Win32.ActiveCfg = Debug|x64
		{663CFE83-929A-3CDF-9C17-DD3AF3D4F3BB}.Debug|x64.ActiveCfg = Debug|x64
		{663CFE83-929A-3CDF-9C17-DD3AF3D4F3BB}.Debug|x64.Build.0 = Debug|x64
		{663CFE83-929A-3CDF-9C17-DD3AF3D4F3BB}.Hybrid|Mixed Platforms.ActiveCfg = F3DRelease|x64
		{663CFE83-929A-3CDF-9C17-DD3AF3D4F3BB}.Hybrid|Mixed Platforms.Build.0 = F3DRelease|x64
		{663CFE83-929A-3CDF-9C17-DD3AF3D4F3BB}.Hybrid|Win32.ActiveCfg = F3DRelease|x64
		{663CFE83-929A-3CDF-9C17-DD3AF3D4F3BB}.Hybrid|Win32.Build.0 = F3DRelease|x64
		{663CFE83-929A-3CDF-9C17-DD3AF3D4F3BB}.Hybrid|x64.ActiveCfg = F3DRelease|x64
		{663CFE83-929A-3CDF-9C17-DD3AF3D4F3BB}.Hybrid|x64.Build.0 = F3DRelease|x64
		{663CFE83-929A-3CDF-9C17-DD3AF3D4F3BB}.Release|Mixed Platforms.ActiveCfg = Release|x64
		{663CFE83-929A-3CDF-9C17-DD3AF3D4F3BB}.Release|Mixed Platforms.Build.0 = Release|x64
		{663CFE83-929A-3CDF-9C17-DD3AF3D4F3BB}.Release|Win32.ActiveCfg = Release|x64
		{663CFE83-929A-3CDF-9C17-DD3AF3D4F3BB}.Release|x64.ActiveCfg = Release|x64
		{663CFE83-929A-3CDF-9C17-DD3AF3D4F3BB}.Release|x64.Build.0 = Release|x64
		{0A852E24-4C6E-4546-87BE-CBF8D950AED7}.Debug|Mixed Platforms.ActiveCfg = Debug|Win32
		{0A852E24-4C6E-4546-87BE-CBF8D950AED7}.Debug|Mixed Platforms.Build.0 = Debug|Win32
		{0A852E24-4C6E-4546-87BE-CBF8D950AED7}.Debug|Win32.ActiveCfg = Debug|Win32
		{0A852E24-4C6E-4546-87BE-CBF8D950AED7}.Debug|Win32.Build.0 = Debug|Win32
		{0A852E24-4C6E-4546-87BE-CBF8D950AED7}.Debug|x64.ActiveCfg = Debug|x64
		{0A852E24-4C6E-4546-87BE-CBF8D950AED7}.Debug|x64.Build.0 = Debug|x64
		{0A852E24-4C6E-4546-87BE-CBF8D950AED7}.Hybrid|Mixed Platforms.ActiveCfg = Hybrid|Win32
		{0A852E24-4C6E-4546-87BE-CBF8D950AED7}.Hybrid|Mixed Platforms.Build.0 = Hybrid|Win32
		{0A852E24-4C6E-4546-87BE-CBF8D950AED7}.Hybrid|Win32.ActiveCfg = Hybrid|Win32
		{0A852E24-4C6E-4546-87BE-CBF8D950AED7}.Hybrid|Win32.Build.0 = Hybrid|Win32
		{0A852E24-4C6E-4546-87BE-CBF8D950AED7}.Hybrid|x64.ActiveCfg = Hybrid|x64
		{0A852E24-4C6E-4546-87BE-CBF8D950AED7}.Hybrid|x64.Build.0 = Hybrid|x64
		{0A852E24-4C6E-4546-87BE-CBF8D950AED7}.Release|Mixed Platforms.ActiveCfg = Release|Win32
		{0A852E24-4C6E-4546-87BE-CBF8D950AED7}.Release|Mixed Platforms.Build.0 = Release|Win32
		{0A852E24-4C6E-4546-87BE-CBF8D950AED7}.Release|Win32.ActiveCfg = Release|Win32
		{0A852E24-4C6E-4546-87BE-CBF8D950AED7}.Release|Win32.Build.0 = Release|Win32
		{0A852E24-4C6E-4546-87BE-CBF8D950AED7}.Release|x64.ActiveCfg = Release|x64
		{0A852E24-4C6E-4546-87BE-CBF8D950AED7}.Release|x64.Build.0 = Release|x64
	EndGlobalSection
	GlobalSection(SolutionProperties) = preSolution
		HideSolutionNode = FALSE
	EndGlobalSection
EndGlobal
