
Microsoft Visual Studio Solution File, Format Version 12.00
# Visual Studio 2013
VisualStudioVersion = 12.0.21005.1
MinimumVisualStudioVersion = 10.0.40219.1
Project("{8BC9CEB8-8B4A-11D0-8D11-00A0C91BC942}") = "MaxExporterF3D", "MaxExporterF3D.vcxproj", "{0A852E24-4C6E-4546-87BE-CBF8D950AED7}"
	ProjectSection(ProjectDependencies) = postProject
		{C81F7707-77AC-4F03-864F-9BA74CDD82C2} = {C81F7707-77AC-4F03-864F-9BA74CDD82C2}
	EndProjectSection
EndProject
Project("{8BC9CEB8-8B4A-11D0-8D11-00A0C91BC942}") = "Valera3DEngine", "..\..\project\win32\Valera3DEngine.vcxproj", "{C81F7707-77AC-4F03-864F-9BA74CDD82C2}"
EndProject
Global
	GlobalSection(SolutionConfigurationPlatforms) = preSolution
		Debug|Mixed Platforms = Debug|Mixed Platforms
		Debug|Win32 = Debug|Win32
		Debug|x64 = Debug|x64
		Hybrid|Mixed Platforms = Hybrid|Mixed Platforms
		Hybrid|Win32 = Hybrid|Win32
		Hybrid|x64 = Hybrid|x64
		Release|Mixed Platforms = Release|Mixed Platforms
		Release|Win32 = Release|Win32
		Release|x64 = Release|x64
	EndGlobalSection
	GlobalSection(ProjectConfigurationPlatforms) = postSolution
		{0A852E24-4C6E-4546-87BE-CBF8D950AED7}.Debug|Mixed Platforms.ActiveCfg = Debug|Win32
		{0A852E24-4C6E-4546-87BE-CBF8D950AED7}.Debug|Mixed Platforms.Build.0 = Debug|Win32
		{0A852E24-4C6E-4546-87BE-CBF8D950AED7}.Debug|Win32.ActiveCfg = Debug|Win32
		{0A852E24-4C6E-4546-87BE-CBF8D950AED7}.Debug|Win32.Build.0 = Debug|Win32
		{0A852E24-4C6E-4546-87BE-CBF8D950AED7}.Debug|x64.ActiveCfg = Debug|x64
		{0A852E24-4C6E-4546-87BE-CBF8D950AED7}.Debug|x64.Build.0 = Debug|x64
		{0A852E24-4C6E-4546-87BE-CBF8D950AED7}.Hybrid|Mixed Platforms.ActiveCfg = Hybrid|Win32
		{0A852E24-4C6E-4546-87BE-CBF8D950AED7}.Hybrid|Mixed Platforms.Build.0 = Hybrid|Win32
		{0A852E24-4C6E-4546-87BE-CBF8D950AED7}.Hybrid|Win32.ActiveCfg = Hybrid|Win32
		{0A852E24-4C6E-4546-87BE-CBF8D950AED7}.Hybrid|Win32.Build.0 = Hybrid|Win32
		{0A852E24-4C6E-4546-87BE-CBF8D950AED7}.Hybrid|x64.ActiveCfg = Hybrid|x64
		{0A852E24-4C6E-4546-87BE-CBF8D950AED7}.Hybrid|x64.Build.0 = Hybrid|x64
		{0A852E24-4C6E-4546-87BE-CBF8D950AED7}.Release|Mixed Platforms.ActiveCfg = Release|Win32
		{0A852E24-4C6E-4546-87BE-CBF8D950AED7}.Release|Mixed Platforms.Build.0 = Release|Win32
		{0A852E24-4C6E-4546-87BE-CBF8D950AED7}.Release|Win32.ActiveCfg = Release|Win32
		{0A852E24-4C6E-4546-87BE-CBF8D950AED7}.Release|Win32.Build.0 = Release|Win32
		{0A852E24-4C6E-4546-87BE-CBF8D950AED7}.Release|x64.ActiveCfg = Release|x64
		{0A852E24-4C6E-4546-87BE-CBF8D950AED7}.Release|x64.Build.0 = Release|x64
		{C81F7707-77AC-4F03-864F-9BA74CDD82C2}.Debug|Mixed Platforms.ActiveCfg = Debug|x64
		{C81F7707-77AC-4F03-864F-9BA74CDD82C2}.Debug|Mixed Platforms.Build.0 = Debug|x64
		{C81F7707-77AC-4F03-864F-9BA74CDD82C2}.Debug|Win32.ActiveCfg = Debug|x64
		{C81F7707-77AC-4F03-864F-9BA74CDD82C2}.Debug|x64.ActiveCfg = F3DDebug|x64
		{C81F7707-77AC-4F03-864F-9BA74CDD82C2}.Debug|x64.Build.0 = F3DDebug|x64
		{C81F7707-77AC-4F03-864F-9BA74CDD82C2}.Hybrid|Mixed Platforms.ActiveCfg = MinSizeRel|x64
		{C81F7707-77AC-4F03-864F-9BA74CDD82C2}.Hybrid|Mixed Platforms.Build.0 = MinSizeRel|x64
		{C81F7707-77AC-4F03-864F-9BA74CDD82C2}.Hybrid|Win32.ActiveCfg = MinSizeRel|x64
		{C81F7707-77AC-4F03-864F-9BA74CDD82C2}.Hybrid|x64.ActiveCfg = MinSizeRel|x64
		{C81F7707-77AC-4F03-864F-9BA74CDD82C2}.Hybrid|x64.Build.0 = MinSizeRel|x64
		{C81F7707-77AC-4F03-864F-9BA74CDD82C2}.Release|Mixed Platforms.ActiveCfg = Release|x64
		{C81F7707-77AC-4F03-864F-9BA74CDD82C2}.Release|Mixed Platforms.Build.0 = Release|x64
		{C81F7707-77AC-4F03-864F-9BA74CDD82C2}.Release|Win32.ActiveCfg = Release|x64
		{C81F7707-77AC-4F03-864F-9BA74CDD82C2}.Release|x64.ActiveCfg = Release|x64
		{C81F7707-77AC-4F03-864F-9BA74CDD82C2}.Release|x64.Build.0 = Release|x64
	EndGlobalSection
	GlobalSection(SolutionProperties) = preSolution
		HideSolutionNode = FALSE
	EndGlobalSection
EndGlobal
