<?xml version="1.0" encoding="utf-8"?>
<Project ToolsVersion="4.0" xmlns="http://schemas.microsoft.com/developer/msbuild/2003">
  <ItemGroup>
    <ClCompile Include="DllEntry.cpp" />
    <ClCompile Include="ExporterF3D.cpp" />
    <ClCompile Include="Logger.cpp" />
  </ItemGroup>
  <ItemGroup>
    <ClInclude Include="resource.h" />
    <ClInclude Include="ExporterF3D.h" />
    <ClInclude Include="ClassDesc.h" />
    <ClInclude Include="Logger.h" />
    <ClInclude Include="common.h" />
    <ClInclude Include="Singleton.h" />
  </ItemGroup>
  <ItemGroup>
    <None Include="ExporterF3D.def" />
  </ItemGroup>
  <ItemGroup>
    <ResourceCompile Include="ExporterF3D.rc" />
  </ItemGroup>
</Project>